
Microsoft Visual Studio Solution File, Format Version 12.00
# Visual Studio Version 17
VisualStudioVersion = 17.7.34031.279
MinimumVisualStudioVersion = 10.0.40219.1
Project("{FAE04EC0-301F-11D3-BF4B-00C04F79EFBC}") = "DZ_c_dies_773", "DZ_c_dies_773\DZ_c_dies_773.csproj", "{D438D177-8495-4AD9-834C-C9519E3A0A02}"
EndProject
Global
	GlobalSection(SolutionConfigurationPlatforms) = preSolution
		Debug|Any CPU = Debug|Any CPU
		Release|Any CPU = Release|Any CPU
	EndGlobalSection
	GlobalSection(ProjectConfigurationPlatforms) = postSolution
		{D438D177-8495-4AD9-834C-C9519E3A0A02}.Debug|Any CPU.ActiveCfg = Debug|Any CPU
		{D438D177-8495-4AD9-834C-C9519E3A0A02}.Debug|Any CPU.Build.0 = Debug|Any CPU
		{D438D177-8495-4AD9-834C-C9519E3A0A02}.Release|Any CPU.ActiveCfg = Release|Any CPU
		{D438D177-8495-4AD9-834C-C9519E3A0A02}.Release|Any CPU.Build.0 = Release|Any CPU
	EndGlobalSection
	GlobalSection(SolutionProperties) = preSolution
		HideSolutionNode = FALSE
	EndGlobalSection
	GlobalSection(ExtensibilityGlobals) = postSolution
		SolutionGuid = {4CB91F14-98F6-483B-BE7A-5720DC27B224}
	EndGlobalSection
EndGlobal
